
Microsoft Visual Studio Solution File, Format Version 12.00
# Visual Studio 15
VisualStudioVersion = 15.0.28307.902
MinimumVisualStudioVersion = 10.0.40219.1
Project("{FAE04EC0-301F-11D3-BF4B-00C04F79EFBC}") = "VisualApiStudio.Shell", "VisualApiStudio.Shell\VisualApiStudio.Shell.csproj", "{305AB3D0-2B80-4698-B41A-C8448CA1BD01}"
EndProject
Project("{2150E333-8FDC-42A3-9474-1A3956D46DE8}") = "Plugins", "Plugins", "{8931D9CE-8D74-422F-9D02-B9C614C0A163}"
EndProject
Project("{FAE04EC0-301F-11D3-BF4B-00C04F79EFBC}") = "VisualApiStudio.Modules", "VisualApiStudio.Modules\VisualApiStudio.Modules.csproj", "{34ECC5FB-F93E-4F10-9A2E-4902EA965678}"
EndProject
Global
	GlobalSection(SolutionConfigurationPlatforms) = preSolution
		Debug|Any CPU = Debug|Any CPU
		Release|Any CPU = Release|Any CPU
	EndGlobalSection
	GlobalSection(ProjectConfigurationPlatforms) = postSolution
		{305AB3D0-2B80-4698-B41A-C8448CA1BD01}.Debug|Any CPU.ActiveCfg = Debug|Any CPU
		{305AB3D0-2B80-4698-B41A-C8448CA1BD01}.Debug|Any CPU.Build.0 = Debug|Any CPU
		{305AB3D0-2B80-4698-B41A-C8448CA1BD01}.Release|Any CPU.ActiveCfg = Release|Any CPU
		{305AB3D0-2B80-4698-B41A-C8448CA1BD01}.Release|Any CPU.Build.0 = Release|Any CPU
		{34ECC5FB-F93E-4F10-9A2E-4902EA965678}.Debug|Any CPU.ActiveCfg = Debug|Any CPU
		{34ECC5FB-F93E-4F10-9A2E-4902EA965678}.Debug|Any CPU.Build.0 = Debug|Any CPU
		{34ECC5FB-F93E-4F10-9A2E-4902EA965678}.Release|Any CPU.ActiveCfg = Release|Any CPU
		{34ECC5FB-F93E-4F10-9A2E-4902EA965678}.Release|Any CPU.Build.0 = Release|Any CPU
	EndGlobalSection
	GlobalSection(SolutionProperties) = preSolution
		HideSolutionNode = FALSE
	EndGlobalSection
	GlobalSection(NestedProjects) = preSolution
		{34ECC5FB-F93E-4F10-9A2E-4902EA965678} = {8931D9CE-8D74-422F-9D02-B9C614C0A163}
	EndGlobalSection
	GlobalSection(ExtensibilityGlobals) = postSolution
		SolutionGuid = {0B6A670C-70AA-463D-A3E7-22D1FCD756E9}
	EndGlobalSection
EndGlobal
